// !$*UTF8*$!
{
	archiveVersion = 1;
	classes = {
	};
	objectVersion = 46;
	objects = {

/* Begin PBXBuildFile section */
		3A3CD29F1B31191500842D45 /* LeaderboardViewController.m in Sources */ = {isa = PBXBuildFile; fileRef = 3A3CD29E1B31191500842D45 /* LeaderboardViewController.m */; };
		3A9B90D01B30B08900B76901 /* ProfileViewController.m in Sources */ = {isa = PBXBuildFile; fileRef = 3A9B90CF1B30B08900B76901 /* ProfileViewController.m */; };
		3A9B90D41B30B0B400B76901 /* UIView+Facade.m in Sources */ = {isa = PBXBuildFile; fileRef = 3A9B90D31B30B0B400B76901 /* UIView+Facade.m */; };
		49A483B402C049E28055919D /* libPods.a in Frameworks */ = {isa = PBXBuildFile; fileRef = 374A6AE5BCA048DDAD2A8A49 /* libPods.a */; };
		AA18DCAE1B267FBA00949EAF /* InstagramLoginView.m in Sources */ = {isa = PBXBuildFile; fileRef = AA18DCAD1B267FBA00949EAF /* InstagramLoginView.m */; };
		AA18DCD01B27203100949EAF /* libz.dylib in Frameworks */ = {isa = PBXBuildFile; fileRef = AA18DCCF1B27203100949EAF /* libz.dylib */; };
		AA6A84551B2B9F04005C064B /* IGRequest.m in Sources */ = {isa = PBXBuildFile; fileRef = AA6A84521B2B9F04005C064B /* IGRequest.m */; };
		AA6A84561B2B9F04005C064B /* Instagram.m in Sources */ = {isa = PBXBuildFile; fileRef = AA6A84541B2B9F04005C064B /* Instagram.m */; };
		AA6A845D1B2B9F83005C064B /* AppDelegate.m in Sources */ = {isa = PBXBuildFile; fileRef = DA5B73F818F233EF00BB5F8E /* AppDelegate.m */; };
		AA7D005D1B31217B002C28C3 /* logo.png in Resources */ = {isa = PBXBuildFile; fileRef = AA7D005C1B31217B002C28C3 /* logo.png */; };
		AA7D00601B312BB8002C28C3 /* logo@2x.png in Resources */ = {isa = PBXBuildFile; fileRef = AA7D005F1B312BB8002C28C3 /* logo@2x.png */; };
		AA7D00631B312D5F002C28C3 /* TopBarView.m in Sources */ = {isa = PBXBuildFile; fileRef = AA7D00621B312D5F002C28C3 /* TopBarView.m */; };
		AA7D00661B31307B002C28C3 /* hamburger.png in Resources */ = {isa = PBXBuildFile; fileRef = AA7D00641B31307B002C28C3 /* hamburger.png */; };
		AA7D00671B31307B002C28C3 /* hamburger@2x.png in Resources */ = {isa = PBXBuildFile; fileRef = AA7D00651B31307B002C28C3 /* hamburger@2x.png */; };
		AA7D006A1B3131FB002C28C3 /* HamburgerMenuView.m in Sources */ = {isa = PBXBuildFile; fileRef = AA7D00691B3131FB002C28C3 /* HamburgerMenuView.m */; };
		AA7D00731B313638002C28C3 /* ColourConfig.h in Sources */ = {isa = PBXBuildFile; fileRef = AA7D00721B313638002C28C3 /* ColourConfig.h */; };
		AA832CB01B2BB12400D0EC81 /* home.png in Resources */ = {isa = PBXBuildFile; fileRef = AA832CAD1B2BB12400D0EC81 /* home.png */; };
		AA832CB11B2BB12400D0EC81 /* profile.png in Resources */ = {isa = PBXBuildFile; fileRef = AA832CAE1B2BB12400D0EC81 /* profile.png */; };
		AA832CB51B2BB2D800D0EC81 /* TabBarController.m in Sources */ = {isa = PBXBuildFile; fileRef = AA832CB41B2BB2D800D0EC81 /* TabBarController.m */; };
		AA832CB81B2BBF0B00D0EC81 /* LoginViewController.m in Sources */ = {isa = PBXBuildFile; fileRef = AA832CB71B2BBF0B00D0EC81 /* LoginViewController.m */; };
		AA832CBA1B2BC3CF00D0EC81 /* leaderboard.png in Resources */ = {isa = PBXBuildFile; fileRef = AA832CB91B2BC3CF00D0EC81 /* leaderboard.png */; };
		DA5B73E918F233EF00BB5F8E /* Foundation.framework in Frameworks */ = {isa = PBXBuildFile; fileRef = DA5B73E818F233EF00BB5F8E /* Foundation.framework */; };
		DA5B73EB18F233EF00BB5F8E /* CoreGraphics.framework in Frameworks */ = {isa = PBXBuildFile; fileRef = DA5B73EA18F233EF00BB5F8E /* CoreGraphics.framework */; };
		DA5B73ED18F233EF00BB5F8E /* UIKit.framework in Frameworks */ = {isa = PBXBuildFile; fileRef = DA5B73EC18F233EF00BB5F8E /* UIKit.framework */; };
		DA5B73F318F233EF00BB5F8E /* InfoPlist.strings in Resources */ = {isa = PBXBuildFile; fileRef = DA5B73F118F233EF00BB5F8E /* InfoPlist.strings */; };
		DA5B73F518F233EF00BB5F8E /* main.m in Sources */ = {isa = PBXBuildFile; fileRef = DA5B73F418F233EF00BB5F8E /* main.m */; };
		DA5B73FB18F233EF00BB5F8E /* Images.xcassets in Resources */ = {isa = PBXBuildFile; fileRef = DA5B73FA18F233EF00BB5F8E /* Images.xcassets */; };
		DA5B740218F233EF00BB5F8E /* XCTest.framework in Frameworks */ = {isa = PBXBuildFile; fileRef = DA5B740118F233EF00BB5F8E /* XCTest.framework */; };
		DA5B740318F233EF00BB5F8E /* Foundation.framework in Frameworks */ = {isa = PBXBuildFile; fileRef = DA5B73E818F233EF00BB5F8E /* Foundation.framework */; };
		DA5B740418F233EF00BB5F8E /* UIKit.framework in Frameworks */ = {isa = PBXBuildFile; fileRef = DA5B73EC18F233EF00BB5F8E /* UIKit.framework */; };
		DA5B740C18F233EF00BB5F8E /* InfoPlist.strings in Resources */ = {isa = PBXBuildFile; fileRef = DA5B740A18F233EF00BB5F8E /* InfoPlist.strings */; };
		DA5B740E18F233EF00BB5F8E /* LikedOrNopeTests.m in Sources */ = {isa = PBXBuildFile; fileRef = DA5B740D18F233EF00BB5F8E /* LikedOrNopeTests.m */; };
		DA5B745F18F239B700BB5F8E /* ChoosePersonViewController.m in Sources */ = {isa = PBXBuildFile; fileRef = DA5B745618F239B700BB5F8E /* ChoosePersonViewController.m */; };
		DA5B746018F239B700BB5F8E /* Person.m in Sources */ = {isa = PBXBuildFile; fileRef = DA5B745918F239B700BB5F8E /* Person.m */; };
		DA5B746118F239B700BB5F8E /* ImageLabelView.m in Sources */ = {isa = PBXBuildFile; fileRef = DA5B745C18F239B700BB5F8E /* ImageLabelView.m */; };
		DA5B746218F239B700BB5F8E /* ChoosePersonView.m in Sources */ = {isa = PBXBuildFile; fileRef = DA5B745E18F239B700BB5F8E /* ChoosePersonView.m */; };
/* End PBXBuildFile section */

/* Begin PBXContainerItemProxy section */
		AA6A845B1B2B9F13005C064B /* PBXContainerItemProxy */ = {
			isa = PBXContainerItemProxy;
			containerPortal = AA6A84571B2B9F13005C064B /* instagram-ios-sdk.xcodeproj */;
			proxyType = 2;
			remoteGlobalIDString = 664E5D02153E8F2400967BB1;
			remoteInfo = "instagram-ios-sdk";
		};
		DA5B740518F233EF00BB5F8E /* PBXContainerItemProxy */ = {
			isa = PBXContainerItemProxy;
			containerPortal = DA5B73DD18F233EF00BB5F8E /* Project object */;
			proxyType = 1;
			remoteGlobalIDString = DA5B73E418F233EF00BB5F8E;
			remoteInfo = LikedOrNope;
		};
/* End PBXContainerItemProxy section */

/* Begin PBXFileReference section */
		0F7152BEF35BDBA648B13ABD /* Pods.debug.xcconfig */ = {isa = PBXFileReference; includeInIndex = 1; lastKnownFileType = text.xcconfig; name = Pods.debug.xcconfig; path = "Pods/Target Support Files/Pods/Pods.debug.xcconfig"; sourceTree = "<group>"; };
		303B4BFC6413578CA86ABA7B /* Pods.release.xcconfig */ = {isa = PBXFileReference; includeInIndex = 1; lastKnownFileType = text.xcconfig; name = Pods.release.xcconfig; path = "Pods/Target Support Files/Pods/Pods.release.xcconfig"; sourceTree = "<group>"; };
		374A6AE5BCA048DDAD2A8A49 /* libPods.a */ = {isa = PBXFileReference; explicitFileType = archive.ar; includeInIndex = 0; path = libPods.a; sourceTree = BUILT_PRODUCTS_DIR; };
		3A3CD29D1B31191500842D45 /* LeaderboardViewController.h */ = {isa = PBXFileReference; fileEncoding = 4; lastKnownFileType = sourcecode.c.h; path = LeaderboardViewController.h; sourceTree = "<group>"; };
		3A3CD29E1B31191500842D45 /* LeaderboardViewController.m */ = {isa = PBXFileReference; fileEncoding = 4; lastKnownFileType = sourcecode.c.objc; path = LeaderboardViewController.m; sourceTree = "<group>"; };
		3A9B90CD1B30B08100B76901 /* ProfileViewController.h */ = {isa = PBXFileReference; lastKnownFileType = sourcecode.c.h; path = ProfileViewController.h; sourceTree = "<group>"; };
		3A9B90CF1B30B08900B76901 /* ProfileViewController.m */ = {isa = PBXFileReference; fileEncoding = 4; lastKnownFileType = sourcecode.c.objc; path = ProfileViewController.m; sourceTree = "<group>"; };
		3A9B90D21B30B0B400B76901 /* UIView+Facade.h */ = {isa = PBXFileReference; fileEncoding = 4; lastKnownFileType = sourcecode.c.h; path = "UIView+Facade.h"; sourceTree = "<group>"; };
		3A9B90D31B30B0B400B76901 /* UIView+Facade.m */ = {isa = PBXFileReference; fileEncoding = 4; lastKnownFileType = sourcecode.c.objc; path = "UIView+Facade.m"; sourceTree = "<group>"; };
		AA18DCAC1B267FBA00949EAF /* InstagramLoginView.h */ = {isa = PBXFileReference; fileEncoding = 4; lastKnownFileType = sourcecode.c.h; path = InstagramLoginView.h; sourceTree = "<group>"; };
		AA18DCAD1B267FBA00949EAF /* InstagramLoginView.m */ = {isa = PBXFileReference; fileEncoding = 4; lastKnownFileType = sourcecode.c.objc; path = InstagramLoginView.m; sourceTree = "<group>"; };
		AA18DCCF1B27203100949EAF /* libz.dylib */ = {isa = PBXFileReference; lastKnownFileType = "compiled.mach-o.dylib"; name = libz.dylib; path = usr/lib/libz.dylib; sourceTree = SDKROOT; };
		AA6A84501B2B9F04005C064B /* IGConnect.h */ = {isa = PBXFileReference; fileEncoding = 4; lastKnownFileType = sourcecode.c.h; name = IGConnect.h; path = "instagram-ios-sdk/IGConnect.h"; sourceTree = "<group>"; };
		AA6A84511B2B9F04005C064B /* IGRequest.h */ = {isa = PBXFileReference; fileEncoding = 4; lastKnownFileType = sourcecode.c.h; name = IGRequest.h; path = "instagram-ios-sdk/IGRequest.h"; sourceTree = "<group>"; };
		AA6A84521B2B9F04005C064B /* IGRequest.m */ = {isa = PBXFileReference; fileEncoding = 4; lastKnownFileType = sourcecode.c.objc; name = IGRequest.m; path = "instagram-ios-sdk/IGRequest.m"; sourceTree = "<group>"; };
		AA6A84531B2B9F04005C064B /* Instagram.h */ = {isa = PBXFileReference; fileEncoding = 4; lastKnownFileType = sourcecode.c.h; name = Instagram.h; path = "instagram-ios-sdk/Instagram.h"; sourceTree = "<group>"; };
		AA6A84541B2B9F04005C064B /* Instagram.m */ = {isa = PBXFileReference; fileEncoding = 4; lastKnownFileType = sourcecode.c.objc; name = Instagram.m; path = "instagram-ios-sdk/Instagram.m"; sourceTree = "<group>"; };
		AA6A84571B2B9F13005C064B /* instagram-ios-sdk.xcodeproj */ = {isa = PBXFileReference; lastKnownFileType = "wrapper.pb-project"; name = "instagram-ios-sdk.xcodeproj"; path = "instagram-ios-sdk/instagram-ios-sdk.xcodeproj"; sourceTree = "<group>"; };
		AA7D005C1B31217B002C28C3 /* logo.png */ = {isa = PBXFileReference; lastKnownFileType = image.png; path = logo.png; sourceTree = "<group>"; };
		AA7D005F1B312BB8002C28C3 /* logo@2x.png */ = {isa = PBXFileReference; lastKnownFileType = image.png; path = "logo@2x.png"; sourceTree = "<group>"; };
		AA7D00611B312D5F002C28C3 /* TopBarView.h */ = {isa = PBXFileReference; fileEncoding = 4; lastKnownFileType = sourcecode.c.h; path = TopBarView.h; sourceTree = "<group>"; };
		AA7D00621B312D5F002C28C3 /* TopBarView.m */ = {isa = PBXFileReference; fileEncoding = 4; lastKnownFileType = sourcecode.c.objc; path = TopBarView.m; sourceTree = "<group>"; };
		AA7D00641B31307B002C28C3 /* hamburger.png */ = {isa = PBXFileReference; lastKnownFileType = image.png; path = hamburger.png; sourceTree = "<group>"; };
		AA7D00651B31307B002C28C3 /* hamburger@2x.png */ = {isa = PBXFileReference; lastKnownFileType = image.png; path = "hamburger@2x.png"; sourceTree = "<group>"; };
		AA7D00681B3131FB002C28C3 /* HamburgerMenuView.h */ = {isa = PBXFileReference; fileEncoding = 4; lastKnownFileType = sourcecode.c.h; path = HamburgerMenuView.h; sourceTree = "<group>"; };
		AA7D00691B3131FB002C28C3 /* HamburgerMenuView.m */ = {isa = PBXFileReference; fileEncoding = 4; lastKnownFileType = sourcecode.c.objc; path = HamburgerMenuView.m; sourceTree = "<group>"; };
		AA7D00721B313638002C28C3 /* ColourConfig.h */ = {isa = PBXFileReference; fileEncoding = 4; lastKnownFileType = sourcecode.c.h; path = ColourConfig.h; sourceTree = "<group>"; };
		AA832CAD1B2BB12400D0EC81 /* home.png */ = {isa = PBXFileReference; lastKnownFileType = image.png; path = home.png; sourceTree = "<group>"; };
		AA832CAE1B2BB12400D0EC81 /* profile.png */ = {isa = PBXFileReference; lastKnownFileType = image.png; path = profile.png; sourceTree = "<group>"; };
		AA832CB31B2BB2D800D0EC81 /* TabBarController.h */ = {isa = PBXFileReference; fileEncoding = 4; lastKnownFileType = sourcecode.c.h; path = TabBarController.h; sourceTree = "<group>"; };
		AA832CB41B2BB2D800D0EC81 /* TabBarController.m */ = {isa = PBXFileReference; fileEncoding = 4; lastKnownFileType = sourcecode.c.objc; path = TabBarController.m; sourceTree = "<group>"; };
		AA832CB61B2BBF0B00D0EC81 /* LoginViewController.h */ = {isa = PBXFileReference; fileEncoding = 4; lastKnownFileType = sourcecode.c.h; path = LoginViewController.h; sourceTree = "<group>"; };
		AA832CB71B2BBF0B00D0EC81 /* LoginViewController.m */ = {isa = PBXFileReference; fileEncoding = 4; lastKnownFileType = sourcecode.c.objc; path = LoginViewController.m; sourceTree = "<group>"; };
		AA832CB91B2BC3CF00D0EC81 /* leaderboard.png */ = {isa = PBXFileReference; lastKnownFileType = image.png; path = leaderboard.png; sourceTree = "<group>"; };
		DA5B73E518F233EF00BB5F8E /* LikedOrNope.app */ = {isa = PBXFileReference; explicitFileType = wrapper.application; includeInIndex = 0; path = LikedOrNope.app; sourceTree = BUILT_PRODUCTS_DIR; };
		DA5B73E818F233EF00BB5F8E /* Foundation.framework */ = {isa = PBXFileReference; lastKnownFileType = wrapper.framework; name = Foundation.framework; path = System/Library/Frameworks/Foundation.framework; sourceTree = SDKROOT; };
		DA5B73EA18F233EF00BB5F8E /* CoreGraphics.framework */ = {isa = PBXFileReference; lastKnownFileType = wrapper.framework; name = CoreGraphics.framework; path = System/Library/Frameworks/CoreGraphics.framework; sourceTree = SDKROOT; };
		DA5B73EC18F233EF00BB5F8E /* UIKit.framework */ = {isa = PBXFileReference; lastKnownFileType = wrapper.framework; name = UIKit.framework; path = System/Library/Frameworks/UIKit.framework; sourceTree = SDKROOT; };
		DA5B73F018F233EF00BB5F8E /* LikedOrNope-Info.plist */ = {isa = PBXFileReference; lastKnownFileType = text.plist.xml; path = "LikedOrNope-Info.plist"; sourceTree = "<group>"; };
		DA5B73F218F233EF00BB5F8E /* en */ = {isa = PBXFileReference; lastKnownFileType = text.plist.strings; name = en; path = en.lproj/InfoPlist.strings; sourceTree = "<group>"; };
		DA5B73F418F233EF00BB5F8E /* main.m */ = {isa = PBXFileReference; lastKnownFileType = sourcecode.c.objc; path = main.m; sourceTree = "<group>"; };
		DA5B73F618F233EF00BB5F8E /* LikedOrNope-Prefix.pch */ = {isa = PBXFileReference; lastKnownFileType = sourcecode.c.h; path = "LikedOrNope-Prefix.pch"; sourceTree = "<group>"; };
		DA5B73F718F233EF00BB5F8E /* AppDelegate.h */ = {isa = PBXFileReference; lastKnownFileType = sourcecode.c.h; path = AppDelegate.h; sourceTree = "<group>"; };
		DA5B73F818F233EF00BB5F8E /* AppDelegate.m */ = {isa = PBXFileReference; lastKnownFileType = sourcecode.c.objc; path = AppDelegate.m; sourceTree = "<group>"; };
		DA5B73FA18F233EF00BB5F8E /* Images.xcassets */ = {isa = PBXFileReference; lastKnownFileType = folder.assetcatalog; path = Images.xcassets; sourceTree = "<group>"; };
		DA5B740018F233EF00BB5F8E /* LikedOrNopeTests.xctest */ = {isa = PBXFileReference; explicitFileType = wrapper.cfbundle; includeInIndex = 0; path = LikedOrNopeTests.xctest; sourceTree = BUILT_PRODUCTS_DIR; };
		DA5B740118F233EF00BB5F8E /* XCTest.framework */ = {isa = PBXFileReference; lastKnownFileType = wrapper.framework; name = XCTest.framework; path = Library/Frameworks/XCTest.framework; sourceTree = DEVELOPER_DIR; };
		DA5B740918F233EF00BB5F8E /* LikedOrNopeTests-Info.plist */ = {isa = PBXFileReference; lastKnownFileType = text.plist.xml; path = "LikedOrNopeTests-Info.plist"; sourceTree = "<group>"; };
		DA5B740B18F233EF00BB5F8E /* en */ = {isa = PBXFileReference; lastKnownFileType = text.plist.strings; name = en; path = en.lproj/InfoPlist.strings; sourceTree = "<group>"; };
		DA5B740D18F233EF00BB5F8E /* LikedOrNopeTests.m */ = {isa = PBXFileReference; lastKnownFileType = sourcecode.c.objc; path = LikedOrNopeTests.m; sourceTree = "<group>"; };
		DA5B745518F239B700BB5F8E /* ChoosePersonViewController.h */ = {isa = PBXFileReference; fileEncoding = 4; lastKnownFileType = sourcecode.c.h; path = ChoosePersonViewController.h; sourceTree = "<group>"; };
		DA5B745618F239B700BB5F8E /* ChoosePersonViewController.m */ = {isa = PBXFileReference; fileEncoding = 4; lastKnownFileType = sourcecode.c.objc; path = ChoosePersonViewController.m; sourceTree = "<group>"; };
		DA5B745818F239B700BB5F8E /* Person.h */ = {isa = PBXFileReference; fileEncoding = 4; lastKnownFileType = sourcecode.c.h; path = Person.h; sourceTree = "<group>"; };
		DA5B745918F239B700BB5F8E /* Person.m */ = {isa = PBXFileReference; fileEncoding = 4; lastKnownFileType = sourcecode.c.objc; path = Person.m; sourceTree = "<group>"; };
		DA5B745B18F239B700BB5F8E /* ImageLabelView.h */ = {isa = PBXFileReference; fileEncoding = 4; lastKnownFileType = sourcecode.c.h; path = ImageLabelView.h; sourceTree = "<group>"; };
		DA5B745C18F239B700BB5F8E /* ImageLabelView.m */ = {isa = PBXFileReference; fileEncoding = 4; lastKnownFileType = sourcecode.c.objc; path = ImageLabelView.m; sourceTree = "<group>"; };
		DA5B745D18F239B700BB5F8E /* ChoosePersonView.h */ = {isa = PBXFileReference; fileEncoding = 4; lastKnownFileType = sourcecode.c.h; path = ChoosePersonView.h; sourceTree = "<group>"; };
		DA5B745E18F239B700BB5F8E /* ChoosePersonView.m */ = {isa = PBXFileReference; fileEncoding = 4; lastKnownFileType = sourcecode.c.objc; path = ChoosePersonView.m; sourceTree = "<group>"; };
/* End PBXFileReference section */

/* Begin PBXFrameworksBuildPhase section */
		DA5B73E218F233EF00BB5F8E /* Frameworks */ = {
			isa = PBXFrameworksBuildPhase;
			buildActionMask = 2147483647;
			files = (
				AA18DCD01B27203100949EAF /* libz.dylib in Frameworks */,
				DA5B73EB18F233EF00BB5F8E /* CoreGraphics.framework in Frameworks */,
				DA5B73ED18F233EF00BB5F8E /* UIKit.framework in Frameworks */,
				DA5B73E918F233EF00BB5F8E /* Foundation.framework in Frameworks */,
				49A483B402C049E28055919D /* libPods.a in Frameworks */,
			);
			runOnlyForDeploymentPostprocessing = 0;
		};
		DA5B73FD18F233EF00BB5F8E /* Frameworks */ = {
			isa = PBXFrameworksBuildPhase;
			buildActionMask = 2147483647;
			files = (
				DA5B740218F233EF00BB5F8E /* XCTest.framework in Frameworks */,
				DA5B740418F233EF00BB5F8E /* UIKit.framework in Frameworks */,
				DA5B740318F233EF00BB5F8E /* Foundation.framework in Frameworks */,
			);
			runOnlyForDeploymentPostprocessing = 0;
		};
/* End PBXFrameworksBuildPhase section */

/* Begin PBXGroup section */
		3A9B90D11B30B0B400B76901 /* Facade */ = {
			isa = PBXGroup;
			children = (
				3A9B90D21B30B0B400B76901 /* UIView+Facade.h */,
				3A9B90D31B30B0B400B76901 /* UIView+Facade.m */,
			);
			path = Facade;
			sourceTree = "<group>";
		};
		3AC821001B2B483F00A9CC0F /* instagram-ios-sdk */ = {
			isa = PBXGroup;
			children = (
				AA6A84571B2B9F13005C064B /* instagram-ios-sdk.xcodeproj */,
				3AC821011B2B483F00A9CC0F /* instagram-ios-sdk */,
			);
			path = "instagram-ios-sdk";
			sourceTree = "<group>";
		};
		3AC821011B2B483F00A9CC0F /* instagram-ios-sdk */ = {
			isa = PBXGroup;
			children = (
				AA6A84501B2B9F04005C064B /* IGConnect.h */,
				AA6A84511B2B9F04005C064B /* IGRequest.h */,
				AA6A84521B2B9F04005C064B /* IGRequest.m */,
				AA6A84531B2B9F04005C064B /* Instagram.h */,
				AA6A84541B2B9F04005C064B /* Instagram.m */,
			);
			path = "instagram-ios-sdk";
			sourceTree = "<group>";
		};
		AA6A84581B2B9F13005C064B /* Products */ = {
			isa = PBXGroup;
			children = (
				AA6A845C1B2B9F13005C064B /* libinstagram-ios-sdk.a */,
			);
			name = Products;
			sourceTree = "<group>";
		};
		AA832CAC1B2BB12400D0EC81 /* Assets */ = {
			isa = PBXGroup;
			children = (
				AA7D00641B31307B002C28C3 /* hamburger.png */,
				AA7D00651B31307B002C28C3 /* hamburger@2x.png */,
				AA7D005F1B312BB8002C28C3 /* logo@2x.png */,
				AA7D005C1B31217B002C28C3 /* logo.png */,
				AA832CB91B2BC3CF00D0EC81 /* leaderboard.png */,
				AA832CAD1B2BB12400D0EC81 /* home.png */,
				AA832CAE1B2BB12400D0EC81 /* profile.png */,
			);
			path = Assets;
			sourceTree = "<group>";
		};
		C34114B31FABDB7796A09742 /* Pods */ = {
			isa = PBXGroup;
			children = (
				0F7152BEF35BDBA648B13ABD /* Pods.debug.xcconfig */,
				303B4BFC6413578CA86ABA7B /* Pods.release.xcconfig */,
			);
			name = Pods;
			sourceTree = "<group>";
		};
		DA5B73DC18F233EF00BB5F8E = {
			isa = PBXGroup;
			children = (
				AA832CAC1B2BB12400D0EC81 /* Assets */,
				DA5B73EE18F233EF00BB5F8E /* LikedOrNope */,
				DA5B740718F233EF00BB5F8E /* LikedOrNopeTests */,
				DA5B73E718F233EF00BB5F8E /* Frameworks */,
				DA5B73E618F233EF00BB5F8E /* Products */,
				C34114B31FABDB7796A09742 /* Pods */,
			);
			sourceTree = "<group>";
		};
		DA5B73E618F233EF00BB5F8E /* Products */ = {
			isa = PBXGroup;
			children = (
				DA5B73E518F233EF00BB5F8E /* LikedOrNope.app */,
				DA5B740018F233EF00BB5F8E /* LikedOrNopeTests.xctest */,
			);
			name = Products;
			sourceTree = "<group>";
		};
		DA5B73E718F233EF00BB5F8E /* Frameworks */ = {
			isa = PBXGroup;
			children = (
				3A9B90D11B30B0B400B76901 /* Facade */,
				3AC821001B2B483F00A9CC0F /* instagram-ios-sdk */,
				AA18DCCF1B27203100949EAF /* libz.dylib */,
				DA5B73E818F233EF00BB5F8E /* Foundation.framework */,
				DA5B73EA18F233EF00BB5F8E /* CoreGraphics.framework */,
				DA5B73EC18F233EF00BB5F8E /* UIKit.framework */,
				DA5B740118F233EF00BB5F8E /* XCTest.framework */,
				374A6AE5BCA048DDAD2A8A49 /* libPods.a */,
			);
			name = Frameworks;
			sourceTree = "<group>";
		};
		DA5B73EE18F233EF00BB5F8E /* LikedOrNope */ = {
			isa = PBXGroup;
			children = (
				DA5B73F718F233EF00BB5F8E /* AppDelegate.h */,
				DA5B73F818F233EF00BB5F8E /* AppDelegate.m */,
				DA5B745718F239B700BB5F8E /* Models */,
				DA5B745A18F239B700BB5F8E /* Views */,
				DA5B745418F239B700BB5F8E /* Controllers */,
				DA5B73FA18F233EF00BB5F8E /* Images.xcassets */,
				DA5B73EF18F233EF00BB5F8E /* Supporting Files */,
				AA7D00721B313638002C28C3 /* ColourConfig.h */,
			);
			path = LikedOrNope;
			sourceTree = "<group>";
		};
		DA5B73EF18F233EF00BB5F8E /* Supporting Files */ = {
			isa = PBXGroup;
			children = (
				DA5B73F018F233EF00BB5F8E /* LikedOrNope-Info.plist */,
				DA5B73F118F233EF00BB5F8E /* InfoPlist.strings */,
				DA5B73F418F233EF00BB5F8E /* main.m */,
				DA5B73F618F233EF00BB5F8E /* LikedOrNope-Prefix.pch */,
			);
			name = "Supporting Files";
			sourceTree = "<group>";
		};
		DA5B740718F233EF00BB5F8E /* LikedOrNopeTests */ = {
			isa = PBXGroup;
			children = (
				DA5B740D18F233EF00BB5F8E /* LikedOrNopeTests.m */,
				DA5B740818F233EF00BB5F8E /* Supporting Files */,
			);
			path = LikedOrNopeTests;
			sourceTree = "<group>";
		};
		DA5B740818F233EF00BB5F8E /* Supporting Files */ = {
			isa = PBXGroup;
			children = (
				DA5B740918F233EF00BB5F8E /* LikedOrNopeTests-Info.plist */,
				DA5B740A18F233EF00BB5F8E /* InfoPlist.strings */,
			);
			name = "Supporting Files";
			sourceTree = "<group>";
		};
		DA5B745418F239B700BB5F8E /* Controllers */ = {
			isa = PBXGroup;
			children = (
				3A9B90CD1B30B08100B76901 /* ProfileViewController.h */,
				3A9B90CF1B30B08900B76901 /* ProfileViewController.m */,
				DA5B745518F239B700BB5F8E /* ChoosePersonViewController.h */,
				DA5B745618F239B700BB5F8E /* ChoosePersonViewController.m */,
				AA832CB31B2BB2D800D0EC81 /* TabBarController.h */,
				AA832CB41B2BB2D800D0EC81 /* TabBarController.m */,
				AA832CB61B2BBF0B00D0EC81 /* LoginViewController.h */,
				AA832CB71B2BBF0B00D0EC81 /* LoginViewController.m */,
				3A3CD29D1B31191500842D45 /* LeaderboardViewController.h */,
				3A3CD29E1B31191500842D45 /* LeaderboardViewController.m */,
			);
			path = Controllers;
			sourceTree = "<group>";
		};
		DA5B745718F239B700BB5F8E /* Models */ = {
			isa = PBXGroup;
			children = (
				DA5B745818F239B700BB5F8E /* Person.h */,
				DA5B745918F239B700BB5F8E /* Person.m */,
			);
			path = Models;
			sourceTree = "<group>";
		};
		DA5B745A18F239B700BB5F8E /* Views */ = {
			isa = PBXGroup;
			children = (
				DA5B745B18F239B700BB5F8E /* ImageLabelView.h */,
				DA5B745C18F239B700BB5F8E /* ImageLabelView.m */,
				DA5B745D18F239B700BB5F8E /* ChoosePersonView.h */,
				DA5B745E18F239B700BB5F8E /* ChoosePersonView.m */,
				AA18DCAC1B267FBA00949EAF /* InstagramLoginView.h */,
				AA18DCAD1B267FBA00949EAF /* InstagramLoginView.m */,
				AA7D00611B312D5F002C28C3 /* TopBarView.h */,
				AA7D00621B312D5F002C28C3 /* TopBarView.m */,
				AA7D00681B3131FB002C28C3 /* HamburgerMenuView.h */,
				AA7D00691B3131FB002C28C3 /* HamburgerMenuView.m */,
			);
			path = Views;
			sourceTree = "<group>";
		};
/* End PBXGroup section */

/* Begin PBXNativeTarget section */
		DA5B73E418F233EF00BB5F8E /* LikedOrNope */ = {
			isa = PBXNativeTarget;
			buildConfigurationList = DA5B741118F233EF00BB5F8E /* Build configuration list for PBXNativeTarget "LikedOrNope" */;
			buildPhases = (
				7989DD9D1D4541818B62EB58 /* Check Pods Manifest.lock */,
				DA5B73E118F233EF00BB5F8E /* Sources */,
				DA5B73E218F233EF00BB5F8E /* Frameworks */,
				DA5B73E318F233EF00BB5F8E /* Resources */,
				A91FF65CB21B4CFABCB79ED0 /* Copy Pods Resources */,
			);
			buildRules = (
			);
			dependencies = (
			);
			name = LikedOrNope;
			productName = LikedOrNope;
			productReference = DA5B73E518F233EF00BB5F8E /* LikedOrNope.app */;
			productType = "com.apple.product-type.application";
		};
		DA5B73FF18F233EF00BB5F8E /* LikedOrNopeTests */ = {
			isa = PBXNativeTarget;
			buildConfigurationList = DA5B741418F233EF00BB5F8E /* Build configuration list for PBXNativeTarget "LikedOrNopeTests" */;
			buildPhases = (
				DA5B73FC18F233EF00BB5F8E /* Sources */,
				DA5B73FD18F233EF00BB5F8E /* Frameworks */,
				DA5B73FE18F233EF00BB5F8E /* Resources */,
			);
			buildRules = (
			);
			dependencies = (
				DA5B740618F233EF00BB5F8E /* PBXTargetDependency */,
			);
			name = LikedOrNopeTests;
			productName = LikedOrNopeTests;
			productReference = DA5B740018F233EF00BB5F8E /* LikedOrNopeTests.xctest */;
			productType = "com.apple.product-type.bundle.unit-test";
		};
/* End PBXNativeTarget section */

/* Begin PBXProject section */
		DA5B73DD18F233EF00BB5F8E /* Project object */ = {
			isa = PBXProject;
			attributes = {
				LastUpgradeCheck = 0510;
				ORGANIZATIONNAME = modocache;
				TargetAttributes = {
					DA5B73E418F233EF00BB5F8E = {
						DevelopmentTeam = 4CGK4LQRZ3;
					};
					DA5B73FF18F233EF00BB5F8E = {
						TestTargetID = DA5B73E418F233EF00BB5F8E;
					};
				};
			};
			buildConfigurationList = DA5B73E018F233EF00BB5F8E /* Build configuration list for PBXProject "LikedOrNope" */;
			compatibilityVersion = "Xcode 3.2";
			developmentRegion = English;
			hasScannedForEncodings = 0;
			knownRegions = (
				en,
			);
			mainGroup = DA5B73DC18F233EF00BB5F8E;
			productRefGroup = DA5B73E618F233EF00BB5F8E /* Products */;
			projectDirPath = "";
			projectReferences = (
				{
					ProductGroup = AA6A84581B2B9F13005C064B /* Products */;
					ProjectRef = AA6A84571B2B9F13005C064B /* instagram-ios-sdk.xcodeproj */;
				},
			);
			projectRoot = "";
			targets = (
				DA5B73E418F233EF00BB5F8E /* LikedOrNope */,
				DA5B73FF18F233EF00BB5F8E /* LikedOrNopeTests */,
			);
		};
/* End PBXProject section */

/* Begin PBXReferenceProxy section */
		AA6A845C1B2B9F13005C064B /* libinstagram-ios-sdk.a */ = {
			isa = PBXReferenceProxy;
			fileType = archive.ar;
			path = "libinstagram-ios-sdk.a";
			remoteRef = AA6A845B1B2B9F13005C064B /* PBXContainerItemProxy */;
			sourceTree = BUILT_PRODUCTS_DIR;
		};
/* End PBXReferenceProxy section */

/* Begin PBXResourcesBuildPhase section */
		DA5B73E318F233EF00BB5F8E /* Resources */ = {
			isa = PBXResourcesBuildPhase;
			buildActionMask = 2147483647;
			files = (
				DA5B73F318F233EF00BB5F8E /* InfoPlist.strings in Resources */,
				AA832CBA1B2BC3CF00D0EC81 /* leaderboard.png in Resources */,
				AA7D005D1B31217B002C28C3 /* logo.png in Resources */,
				DA5B73FB18F233EF00BB5F8E /* Images.xcassets in Resources */,
				AA7D00601B312BB8002C28C3 /* logo@2x.png in Resources */,
				AA7D00661B31307B002C28C3 /* hamburger.png in Resources */,
				AA7D00671B31307B002C28C3 /* hamburger@2x.png in Resources */,
				AA832CB01B2BB12400D0EC81 /* home.png in Resources */,
				AA832CB11B2BB12400D0EC81 /* profile.png in Resources */,
			);
			runOnlyForDeploymentPostprocessing = 0;
		};
		DA5B73FE18F233EF00BB5F8E /* Resources */ = {
			isa = PBXResourcesBuildPhase;
			buildActionMask = 2147483647;
			files = (
				DA5B740C18F233EF00BB5F8E /* InfoPlist.strings in Resources */,
			);
			runOnlyForDeploymentPostprocessing = 0;
		};
/* End PBXResourcesBuildPhase section */

/* Begin PBXShellScriptBuildPhase section */
		7989DD9D1D4541818B62EB58 /* Check Pods Manifest.lock */ = {
			isa = PBXShellScriptBuildPhase;
			buildActionMask = 2147483647;
			files = (
			);
			inputPaths = (
			);
			name = "Check Pods Manifest.lock";
			outputPaths = (
			);
			runOnlyForDeploymentPostprocessing = 0;
			shellPath = /bin/sh;
			shellScript = "diff \"${PODS_ROOT}/../Podfile.lock\" \"${PODS_ROOT}/Manifest.lock\" > /dev/null\nif [[ $? != 0 ]] ; then\n    cat << EOM\nerror: The sandbox is not in sync with the Podfile.lock. Run 'pod install' or update your CocoaPods installation.\nEOM\n    exit 1\nfi\n";
			showEnvVarsInLog = 0;
		};
		A91FF65CB21B4CFABCB79ED0 /* Copy Pods Resources */ = {
			isa = PBXShellScriptBuildPhase;
			buildActionMask = 2147483647;
			files = (
			);
			inputPaths = (
			);
			name = "Copy Pods Resources";
			outputPaths = (
			);
			runOnlyForDeploymentPostprocessing = 0;
			shellPath = /bin/sh;
			shellScript = "\"${SRCROOT}/Pods/Target Support Files/Pods/Pods-resources.sh\"\n";
			showEnvVarsInLog = 0;
		};
/* End PBXShellScriptBuildPhase section */

/* Begin PBXSourcesBuildPhase section */
		DA5B73E118F233EF00BB5F8E /* Sources */ = {
			isa = PBXSourcesBuildPhase;
			buildActionMask = 2147483647;
			files = (
				AA6A845D1B2B9F83005C064B /* AppDelegate.m in Sources */,
				AA6A84561B2B9F04005C064B /* Instagram.m in Sources */,
				DA5B746118F239B700BB5F8E /* ImageLabelView.m in Sources */,
				AA7D00731B313638002C28C3 /* ColourConfig.h in Sources */,
				DA5B745F18F239B700BB5F8E /* ChoosePersonViewController.m in Sources */,
				AA7D00631B312D5F002C28C3 /* TopBarView.m in Sources */,
				AA6A84551B2B9F04005C064B /* IGRequest.m in Sources */,
				DA5B746018F239B700BB5F8E /* Person.m in Sources */,
				AA18DCAE1B267FBA00949EAF /* InstagramLoginView.m in Sources */,
				3A9B90D41B30B0B400B76901 /* UIView+Facade.m in Sources */,
				3A3CD29F1B31191500842D45 /* LeaderboardViewController.m in Sources */,
				AA832CB51B2BB2D800D0EC81 /* TabBarController.m in Sources */,
				DA5B73F518F233EF00BB5F8E /* main.m in Sources */,
				AA832CB81B2BBF0B00D0EC81 /* LoginViewController.m in Sources */,
				3A9B90D01B30B08900B76901 /* ProfileViewController.m in Sources */,
				AA7D006A1B3131FB002C28C3 /* HamburgerMenuView.m in Sources */,
				DA5B746218F239B700BB5F8E /* ChoosePersonView.m in Sources */,
			);
			runOnlyForDeploymentPostprocessing = 0;
		};
		DA5B73FC18F233EF00BB5F8E /* Sources */ = {
			isa = PBXSourcesBuildPhase;
			buildActionMask = 2147483647;
			files = (
				DA5B740E18F233EF00BB5F8E /* LikedOrNopeTests.m in Sources */,
			);
			runOnlyForDeploymentPostprocessing = 0;
		};
/* End PBXSourcesBuildPhase section */

/* Begin PBXTargetDependency section */
		DA5B740618F233EF00BB5F8E /* PBXTargetDependency */ = {
			isa = PBXTargetDependency;
			target = DA5B73E418F233EF00BB5F8E /* LikedOrNope */;
			targetProxy = DA5B740518F233EF00BB5F8E /* PBXContainerItemProxy */;
		};
/* End PBXTargetDependency section */

/* Begin PBXVariantGroup section */
		DA5B73F118F233EF00BB5F8E /* InfoPlist.strings */ = {
			isa = PBXVariantGroup;
			children = (
				DA5B73F218F233EF00BB5F8E /* en */,
			);
			name = InfoPlist.strings;
			sourceTree = "<group>";
		};
		DA5B740A18F233EF00BB5F8E /* InfoPlist.strings */ = {
			isa = PBXVariantGroup;
			children = (
				DA5B740B18F233EF00BB5F8E /* en */,
			);
			name = InfoPlist.strings;
			sourceTree = "<group>";
		};
/* End PBXVariantGroup section */

/* Begin XCBuildConfiguration section */
		DA5B740F18F233EF00BB5F8E /* Debug */ = {
			isa = XCBuildConfiguration;
			buildSettings = {
				ALWAYS_SEARCH_USER_PATHS = NO;
				CLANG_CXX_LANGUAGE_STANDARD = "gnu++0x";
				CLANG_CXX_LIBRARY = "libc++";
				CLANG_ENABLE_MODULES = YES;
				CLANG_ENABLE_OBJC_ARC = YES;
				CLANG_WARN_BOOL_CONVERSION = YES;
				CLANG_WARN_CONSTANT_CONVERSION = YES;
				CLANG_WARN_DIRECT_OBJC_ISA_USAGE = YES_ERROR;
				CLANG_WARN_EMPTY_BODY = YES;
				CLANG_WARN_ENUM_CONVERSION = YES;
				CLANG_WARN_INT_CONVERSION = YES;
				CLANG_WARN_OBJC_ROOT_CLASS = YES_ERROR;
				CLANG_WARN__DUPLICATE_METHOD_MATCH = YES;
				"CODE_SIGN_IDENTITY[sdk=iphoneos*]" = "iPhone Developer";
				COPY_PHASE_STRIP = NO;
				GCC_C_LANGUAGE_STANDARD = gnu99;
				GCC_DYNAMIC_NO_PIC = NO;
				GCC_OPTIMIZATION_LEVEL = 0;
				GCC_PREPROCESSOR_DEFINITIONS = (
					"DEBUG=1",
					"$(inherited)",
				);
				GCC_SYMBOLS_PRIVATE_EXTERN = NO;
				GCC_WARN_64_TO_32_BIT_CONVERSION = YES;
				GCC_WARN_ABOUT_RETURN_TYPE = YES_ERROR;
				GCC_WARN_UNDECLARED_SELECTOR = YES;
				GCC_WARN_UNINITIALIZED_AUTOS = YES_AGGRESSIVE;
				GCC_WARN_UNUSED_FUNCTION = YES;
				GCC_WARN_UNUSED_VARIABLE = YES;
				IPHONEOS_DEPLOYMENT_TARGET = 7.1;
				ONLY_ACTIVE_ARCH = YES;
				SDKROOT = iphoneos;
				TARGETED_DEVICE_FAMILY = "1,2";
			};
			name = Debug;
		};
		DA5B741018F233EF00BB5F8E /* Release */ = {
			isa = XCBuildConfiguration;
			buildSettings = {
				ALWAYS_SEARCH_USER_PATHS = NO;
				CLANG_CXX_LANGUAGE_STANDARD = "gnu++0x";
				CLANG_CXX_LIBRARY = "libc++";
				CLANG_ENABLE_MODULES = YES;
				CLANG_ENABLE_OBJC_ARC = YES;
				CLANG_WARN_BOOL_CONVERSION = YES;
				CLANG_WARN_CONSTANT_CONVERSION = YES;
				CLANG_WARN_DIRECT_OBJC_ISA_USAGE = YES_ERROR;
				CLANG_WARN_EMPTY_BODY = YES;
				CLANG_WARN_ENUM_CONVERSION = YES;
				CLANG_WARN_INT_CONVERSION = YES;
				CLANG_WARN_OBJC_ROOT_CLASS = YES_ERROR;
				CLANG_WARN__DUPLICATE_METHOD_MATCH = YES;
				"CODE_SIGN_IDENTITY[sdk=iphoneos*]" = "iPhone Developer";
				COPY_PHASE_STRIP = YES;
				ENABLE_NS_ASSERTIONS = NO;
				GCC_C_LANGUAGE_STANDARD = gnu99;
				GCC_WARN_64_TO_32_BIT_CONVERSION = YES;
				GCC_WARN_ABOUT_RETURN_TYPE = YES_ERROR;
				GCC_WARN_UNDECLARED_SELECTOR = YES;
				GCC_WARN_UNINITIALIZED_AUTOS = YES_AGGRESSIVE;
				GCC_WARN_UNUSED_FUNCTION = YES;
				GCC_WARN_UNUSED_VARIABLE = YES;
				IPHONEOS_DEPLOYMENT_TARGET = 7.1;
				SDKROOT = iphoneos;
				TARGETED_DEVICE_FAMILY = "1,2";
				VALIDATE_PRODUCT = YES;
			};
			name = Release;
		};
		DA5B741218F233EF00BB5F8E /* Debug */ = {
			isa = XCBuildConfiguration;
			baseConfigurationReference = 0F7152BEF35BDBA648B13ABD /* Pods.debug.xcconfig */;
			buildSettings = {
				ASSETCATALOG_COMPILER_APPICON_NAME = AppIcon;
				ASSETCATALOG_COMPILER_LAUNCHIMAGE_NAME = LaunchImage;
				CODE_SIGN_IDENTITY = "iPhone Developer";
				"CODE_SIGN_IDENTITY[sdk=iphoneos*]" = "iPhone Developer";
				GCC_PRECOMPILE_PREFIX_HEADER = YES;
				GCC_PREFIX_HEADER = "LikedOrNope/LikedOrNope-Prefix.pch";
				INFOPLIST_FILE = "LikedOrNope/LikedOrNope-Info.plist";
				PRODUCT_NAME = "$(TARGET_NAME)";
				PROVISIONING_PROFILE = "";
				WRAPPER_EXTENSION = app;
			};
			name = Debug;
		};
		DA5B741318F233EF00BB5F8E /* Release */ = {
			isa = XCBuildConfiguration;
			baseConfigurationReference = 303B4BFC6413578CA86ABA7B /* Pods.release.xcconfig */;
			buildSettings = {
				ASSETCATALOG_COMPILER_APPICON_NAME = AppIcon;
				ASSETCATALOG_COMPILER_LAUNCHIMAGE_NAME = LaunchImage;
				CODE_SIGN_IDENTITY = "iPhone Developer";
				"CODE_SIGN_IDENTITY[sdk=iphoneos*]" = "iPhone Developer";
				GCC_PRECOMPILE_PREFIX_HEADER = YES;
				GCC_PREFIX_HEADER = "LikedOrNope/LikedOrNope-Prefix.pch";
				INFOPLIST_FILE = "LikedOrNope/LikedOrNope-Info.plist";
				PRODUCT_NAME = "$(TARGET_NAME)";
				PROVISIONING_PROFILE = "";
				WRAPPER_EXTENSION = app;
			};
			name = Release;
		};
		DA5B741518F233EF00BB5F8E /* Debug */ = {
			isa = XCBuildConfiguration;
			buildSettings = {
				BUNDLE_LOADER = "$(BUILT_PRODUCTS_DIR)/LikedOrNope.app/LikedOrNope";
				FRAMEWORK_SEARCH_PATHS = (
					"$(SDKROOT)/Developer/Library/Frameworks",
					"$(inherited)",
					"$(DEVELOPER_FRAMEWORKS_DIR)",
				);
				GCC_PRECOMPILE_PREFIX_HEADER = YES;
				GCC_PREFIX_HEADER = "LikedOrNope/LikedOrNope-Prefix.pch";
				GCC_PREPROCESSOR_DEFINITIONS = (
					"DEBUG=1",
					"$(inherited)",
				);
				INFOPLIST_FILE = "LikedOrNopeTests/LikedOrNopeTests-Info.plist";
				PRODUCT_NAME = "$(TARGET_NAME)";
				TEST_HOST = "$(BUNDLE_LOADER)";
				WRAPPER_EXTENSION = xctest;
			};
			name = Debug;
		};
		DA5B741618F233EF00BB5F8E /* Release */ = {
			isa = XCBuildConfiguration;
			buildSettings = {
				BUNDLE_LOADER = "$(BUILT_PRODUCTS_DIR)/LikedOrNope.app/LikedOrNope";
				FRAMEWORK_SEARCH_PATHS = (
					"$(SDKROOT)/Developer/Library/Frameworks",
					"$(inherited)",
					"$(DEVELOPER_FRAMEWORKS_DIR)",
				);
				GCC_PRECOMPILE_PREFIX_HEADER = YES;
				GCC_PREFIX_HEADER = "LikedOrNope/LikedOrNope-Prefix.pch";
				INFOPLIST_FILE = "LikedOrNopeTests/LikedOrNopeTests-Info.plist";
				PRODUCT_NAME = "$(TARGET_NAME)";
				TEST_HOST = "$(BUNDLE_LOADER)";
				WRAPPER_EXTENSION = xctest;
			};
			name = Release;
		};
/* End XCBuildConfiguration section */

/* Begin XCConfigurationList section */
		DA5B73E018F233EF00BB5F8E /* Build configuration list for PBXProject "LikedOrNope" */ = {
			isa = XCConfigurationList;
			buildConfigurations = (
				DA5B740F18F233EF00BB5F8E /* Debug */,
				DA5B741018F233EF00BB5F8E /* Release */,
			);
			defaultConfigurationIsVisible = 0;
			defaultConfigurationName = Release;
		};
		DA5B741118F233EF00BB5F8E /* Build configuration list for PBXNativeTarget "LikedOrNope" */ = {
			isa = XCConfigurationList;
			buildConfigurations = (
				DA5B741218F233EF00BB5F8E /* Debug */,
				DA5B741318F233EF00BB5F8E /* Release */,
			);
			defaultConfigurationIsVisible = 0;
			defaultConfigurationName = Release;
		};
		DA5B741418F233EF00BB5F8E /* Build configuration list for PBXNativeTarget "LikedOrNopeTests" */ = {
			isa = XCConfigurationList;
			buildConfigurations = (
				DA5B741518F233EF00BB5F8E /* Debug */,
				DA5B741618F233EF00BB5F8E /* Release */,
			);
			defaultConfigurationIsVisible = 0;
			defaultConfigurationName = Release;
		};
/* End XCConfigurationList section */
	};
	rootObject = DA5B73DD18F233EF00BB5F8E /* Project object */;
}
